// !$*UTF8*$!
{
	archiveVersion = 1;
	classes = {
	};
	objectVersion = 55;
	objects = {

/* Begin PBXBuildFile section */
		6D06F835288E9FEB00C98B3B /* AppDelegate.swift in Sources */ = {isa = PBXBuildFile; fileRef = 6D06F834288E9FEB00C98B3B /* AppDelegate.swift */; };
		6D06F839288E9FEB00C98B3B /* WeatViewController.swift in Sources */ = {isa = PBXBuildFile; fileRef = 6D06F838288E9FEB00C98B3B /* WeatViewController.swift */; };
		6D06F83E288E9FEC00C98B3B /* Assets.xcassets in Resources */ = {isa = PBXBuildFile; fileRef = 6D06F83D288E9FEC00C98B3B /* Assets.xcassets */; };
		6D06F841288E9FEC00C98B3B /* LaunchScreen.storyboard in Resources */ = {isa = PBXBuildFile; fileRef = 6D06F83F288E9FEC00C98B3B /* LaunchScreen.storyboard */; };
		6DA9D8282896B4CC0089ECAA /* WeatVControllerTwo.swift in Sources */ = {isa = PBXBuildFile; fileRef = 6DA9D8272896B4CC0089ECAA /* WeatVControllerTwo.swift */; };
		6DF3D3C228901D3D009D3DCB /* WeatPresenter.swift in Sources */ = {isa = PBXBuildFile; fileRef = 6DF3D3C128901D3D009D3DCB /* WeatPresenter.swift */; };
		6DF3D3C428901EE4009D3DCB /* WeatInteractor.swift in Sources */ = {isa = PBXBuildFile; fileRef = 6DF3D3C328901EE4009D3DCB /* WeatInteractor.swift */; };
		6DF3D3C828902F48009D3DCB /* WeatTVCell.swift in Sources */ = {isa = PBXBuildFile; fileRef = 6DF3D3C728902F48009D3DCB /* WeatTVCell.swift */; };
		6DF3D3CD2890C09F009D3DCB /* WeatNetwork.swift in Sources */ = {isa = PBXBuildFile; fileRef = 6DF3D3CC2890C09F009D3DCB /* WeatNetwork.swift */; };
		6DF3D3D02890C6D1009D3DCB /* WeatApiKey.swift in Sources */ = {isa = PBXBuildFile; fileRef = 6DF3D3CF2890C6D1009D3DCB /* WeatApiKey.swift */; };
		6DF3D3DA28929CCA009D3DCB /* WeatData.swift in Sources */ = {isa = PBXBuildFile; fileRef = 6DF3D3D928929CCA009D3DCB /* WeatData.swift */; };
		6DF3D3DC2892A10C009D3DCB /* Weat.swift in Sources */ = {isa = PBXBuildFile; fileRef = 6DF3D3DB2892A10C009D3DCB /* Weat.swift */; };
		6DF3D3DF2892B034009D3DCB /* WeatGetCities.swift in Sources */ = {isa = PBXBuildFile; fileRef = 6DF3D3DE2892B034009D3DCB /* WeatGetCities.swift */; };
/* End PBXBuildFile section */

/* Begin PBXFileReference section */
		6D06F831288E9FEB00C98B3B /* WeatherTwo.app */ = {isa = PBXFileReference; explicitFileType = wrapper.application; includeInIndex = 0; path = WeatherTwo.app; sourceTree = BUILT_PRODUCTS_DIR; };
		6D06F834288E9FEB00C98B3B /* AppDelegate.swift */ = {isa = PBXFileReference; lastKnownFileType = sourcecode.swift; path = AppDelegate.swift; sourceTree = "<group>"; };
		6D06F838288E9FEB00C98B3B /* WeatViewController.swift */ = {isa = PBXFileReference; lastKnownFileType = sourcecode.swift; path = WeatViewController.swift; sourceTree = "<group>"; };
		6D06F83D288E9FEC00C98B3B /* Assets.xcassets */ = {isa = PBXFileReference; lastKnownFileType = folder.assetcatalog; path = Assets.xcassets; sourceTree = "<group>"; };
		6D06F840288E9FEC00C98B3B /* Base */ = {isa = PBXFileReference; lastKnownFileType = file.storyboard; name = Base; path = Base.lproj/LaunchScreen.storyboard; sourceTree = "<group>"; };
		6D06F842288E9FEC00C98B3B /* Info.plist */ = {isa = PBXFileReference; lastKnownFileType = text.plist.xml; path = Info.plist; sourceTree = "<group>"; };
		6DA9D8272896B4CC0089ECAA /* WeatVControllerTwo.swift */ = {isa = PBXFileReference; lastKnownFileType = sourcecode.swift; path = WeatVControllerTwo.swift; sourceTree = "<group>"; };
		6DF3D3C128901D3D009D3DCB /* WeatPresenter.swift */ = {isa = PBXFileReference; lastKnownFileType = sourcecode.swift; path = WeatPresenter.swift; sourceTree = "<group>"; };
		6DF3D3C328901EE4009D3DCB /* WeatInteractor.swift */ = {isa = PBXFileReference; lastKnownFileType = sourcecode.swift; path = WeatInteractor.swift; sourceTree = "<group>"; };
		6DF3D3C728902F48009D3DCB /* WeatTVCell.swift */ = {isa = PBXFileReference; lastKnownFileType = sourcecode.swift; path = WeatTVCell.swift; sourceTree = "<group>"; };
		6DF3D3CC2890C09F009D3DCB /* WeatNetwork.swift */ = {isa = PBXFileReference; lastKnownFileType = sourcecode.swift; path = WeatNetwork.swift; sourceTree = "<group>"; };
		6DF3D3CF2890C6D1009D3DCB /* WeatApiKey.swift */ = {isa = PBXFileReference; lastKnownFileType = sourcecode.swift; path = WeatApiKey.swift; sourceTree = "<group>"; };
		6DF3D3D928929CCA009D3DCB /* WeatData.swift */ = {isa = PBXFileReference; lastKnownFileType = sourcecode.swift; path = WeatData.swift; sourceTree = "<group>"; };
		6DF3D3DB2892A10C009D3DCB /* Weat.swift */ = {isa = PBXFileReference; lastKnownFileType = sourcecode.swift; path = Weat.swift; sourceTree = "<group>"; };
		6DF3D3DE2892B034009D3DCB /* WeatGetCities.swift */ = {isa = PBXFileReference; lastKnownFileType = sourcecode.swift; path = WeatGetCities.swift; sourceTree = "<group>"; };
/* End PBXFileReference section */

/* Begin PBXFrameworksBuildPhase section */
		6D06F82E288E9FEB00C98B3B /* Frameworks */ = {
			isa = PBXFrameworksBuildPhase;
			buildActionMask = 2147483647;
			files = (
			);
			runOnlyForDeploymentPostprocessing = 0;
		};
/* End PBXFrameworksBuildPhase section */

/* Begin PBXGroup section */
		6D06F828288E9FEB00C98B3B = {
			isa = PBXGroup;
			children = (
				6D06F833288E9FEB00C98B3B /* WeatherTwo */,
				6D06F832288E9FEB00C98B3B /* Products */,
			);
			sourceTree = "<group>";
		};
		6D06F832288E9FEB00C98B3B /* Products */ = {
			isa = PBXGroup;
			children = (
				6D06F831288E9FEB00C98B3B /* WeatherTwo.app */,
			);
			name = Products;
			sourceTree = "<group>";
		};
		6D06F833288E9FEB00C98B3B /* WeatherTwo */ = {
			isa = PBXGroup;
			children = (
				6DF3D3CB2890C072009D3DCB /* WeatNetwork */,
				6DF3D3BF28901BB8009D3DCB /* Screens */,
				6DF3D3CE2890C695009D3DCB /* WeatSupport */,
				6D06F83D288E9FEC00C98B3B /* Assets.xcassets */,
				6D06F83F288E9FEC00C98B3B /* LaunchScreen.storyboard */,
				6D06F842288E9FEC00C98B3B /* Info.plist */,
			);
			path = WeatherTwo;
			sourceTree = "<group>";
		};
		6DF3D3BF28901BB8009D3DCB /* Screens */ = {
			isa = PBXGroup;
			children = (
				6DF3D3C028901BCB009D3DCB /* Weat */,
			);
			path = Screens;
			sourceTree = "<group>";
		};
		6DF3D3C028901BCB009D3DCB /* Weat */ = {
			isa = PBXGroup;
			children = (
				6DF3D3C528902EE1009D3DCB /* Cells */,
				6D06F838288E9FEB00C98B3B /* WeatViewController.swift */,
				6DF3D3C328901EE4009D3DCB /* WeatInteractor.swift */,
				6DF3D3C128901D3D009D3DCB /* WeatPresenter.swift */,
			);
			path = Weat;
			sourceTree = "<group>";
		};
		6DF3D3C528902EE1009D3DCB /* Cells */ = {
			isa = PBXGroup;
			children = (
				6DF3D3C628902EEB009D3DCB /* WeatCell */,
			);
			path = Cells;
			sourceTree = "<group>";
		};
		6DF3D3C628902EEB009D3DCB /* WeatCell */ = {
			isa = PBXGroup;
			children = (
				6DF3D3C728902F48009D3DCB /* WeatTVCell.swift */,
			);
			path = WeatCell;
			sourceTree = "<group>";
		};
		6DF3D3CB2890C072009D3DCB /* WeatNetwork */ = {
			isa = PBXGroup;
			children = (
				6DF3D3DD2892AFF9009D3DCB /* WeatData */,
				6DF3D3CC2890C09F009D3DCB /* WeatNetwork.swift */,
			);
			path = WeatNetwork;
			sourceTree = "<group>";
		};
		6DF3D3CE2890C695009D3DCB /* WeatSupport */ = {
			isa = PBXGroup;
			children = (
				6DA9D8272896B4CC0089ECAA /* WeatVControllerTwo.swift */,
				6D06F834288E9FEB00C98B3B /* AppDelegate.swift */,
				6DF3D3CF2890C6D1009D3DCB /* WeatApiKey.swift */,
			);
			path = WeatSupport;
			sourceTree = "<group>";
		};
		6DF3D3DD2892AFF9009D3DCB /* WeatData */ = {
			isa = PBXGroup;
			children = (
				6DF3D3DE2892B034009D3DCB /* WeatGetCities.swift */,
				6DF3D3D928929CCA009D3DCB /* WeatData.swift */,
				6DF3D3DB2892A10C009D3DCB /* Weat.swift */,
			);
			path = WeatData;
			sourceTree = "<group>";
		};
/* End PBXGroup section */

/* Begin PBXNativeTarget section */
		6D06F830288E9FEB00C98B3B /* WeatherTwo */ = {
			isa = PBXNativeTarget;
			buildConfigurationList = 6D06F845288E9FEC00C98B3B /* Build configuration list for PBXNativeTarget "WeatherTwo" */;
			buildPhases = (
				6D06F82D288E9FEB00C98B3B /* Sources */,
				6D06F82E288E9FEB00C98B3B /* Frameworks */,
				6D06F82F288E9FEB00C98B3B /* Resources */,
			);
			buildRules = (
			);
			dependencies = (
			);
			name = WeatherTwo;
			productName = WeatherTwo;
			productReference = 6D06F831288E9FEB00C98B3B /* WeatherTwo.app */;
			productType = "com.apple.product-type.application";
		};
/* End PBXNativeTarget section */

/* Begin PBXProject section */
		6D06F829288E9FEB00C98B3B /* Project object */ = {
			isa = PBXProject;
			attributes = {
				BuildIndependentTargetsInParallel = 1;
				LastSwiftUpdateCheck = 1340;
				LastUpgradeCheck = 1340;
				TargetAttributes = {
					6D06F830288E9FEB00C98B3B = {
						CreatedOnToolsVersion = 13.4.1;
					};
				};
			};
			buildConfigurationList = 6D06F82C288E9FEB00C98B3B /* Build configuration list for PBXProject "WeatherTwo" */;
			compatibilityVersion = "Xcode 13.0";
			developmentRegion = en;
			hasScannedForEncodings = 0;
			knownRegions = (
				en,
				Base,
			);
			mainGroup = 6D06F828288E9FEB00C98B3B;
			productRefGroup = 6D06F832288E9FEB00C98B3B /* Products */;
			projectDirPath = "";
			projectRoot = "";
			targets = (
				6D06F830288E9FEB00C98B3B /* WeatherTwo */,
			);
		};
/* End PBXProject section */

/* Begin PBXResourcesBuildPhase section */
		6D06F82F288E9FEB00C98B3B /* Resources */ = {
			isa = PBXResourcesBuildPhase;
			buildActionMask = 2147483647;
			files = (
				6D06F841288E9FEC00C98B3B /* LaunchScreen.storyboard in Resources */,
				6D06F83E288E9FEC00C98B3B /* Assets.xcassets in Resources */,
			);
			runOnlyForDeploymentPostprocessing = 0;
		};
/* End PBXResourcesBuildPhase section */

/* Begin PBXSourcesBuildPhase section */
		6D06F82D288E9FEB00C98B3B /* Sources */ = {
			isa = PBXSourcesBuildPhase;
			buildActionMask = 2147483647;
			files = (
				6D06F839288E9FEB00C98B3B /* WeatViewController.swift in Sources */,
				6DF3D3C228901D3D009D3DCB /* WeatPresenter.swift in Sources */,
				6D06F835288E9FEB00C98B3B /* AppDelegate.swift in Sources */,
				6DF3D3C428901EE4009D3DCB /* WeatInteractor.swift in Sources */,
				6DF3D3DA28929CCA009D3DCB /* WeatData.swift in Sources */,
				6DF3D3DC2892A10C009D3DCB /* Weat.swift in Sources */,
				6DF3D3DF2892B034009D3DCB /* WeatGetCities.swift in Sources */,
				6DF3D3C828902F48009D3DCB /* WeatTVCell.swift in Sources */,
				6DA9D8282896B4CC0089ECAA /* WeatVControllerTwo.swift in Sources */,
				6DF3D3CD2890C09F009D3DCB /* WeatNetwork.swift in Sources */,
				6DF3D3D02890C6D1009D3DCB /* WeatApiKey.swift in Sources */,
			);
			runOnlyForDeploymentPostprocessing = 0;
		};
/* End PBXSourcesBuildPhase section */

/* Begin PBXVariantGroup section */
		6D06F83F288E9FEC00C98B3B /* LaunchScreen.storyboard */ = {
			isa = PBXVariantGroup;
			children = (
				6D06F840288E9FEC00C98B3B /* Base */,
			);
			name = LaunchScreen.storyboard;
			sourceTree = "<group>";
		};
/* End PBXVariantGroup section */

/* Begin XCBuildConfiguration section */
		6D06F843288E9FEC00C98B3B /* Debug */ = {
			isa = XCBuildConfiguration;
			buildSettings = {
				ALWAYS_SEARCH_USER_PATHS = NO;
				CLANG_ANALYZER_NONNULL = YES;
				CLANG_ANALYZER_NUMBER_OBJECT_CONVERSION = YES_AGGRESSIVE;
				CLANG_CXX_LANGUAGE_STANDARD = "gnu++17";
				CLANG_ENABLE_MODULES = YES;
				CLANG_ENABLE_OBJC_ARC = YES;
				CLANG_ENABLE_OBJC_WEAK = YES;
				CLANG_WARN_BLOCK_CAPTURE_AUTORELEASING = YES;
				CLANG_WARN_BOOL_CONVERSION = YES;
				CLANG_WARN_COMMA = YES;
				CLANG_WARN_CONSTANT_CONVERSION = YES;
				CLANG_WARN_DEPRECATED_OBJC_IMPLEMENTATIONS = YES;
				CLANG_WARN_DIRECT_OBJC_ISA_USAGE = YES_ERROR;
				CLANG_WARN_DOCUMENTATION_COMMENTS = YES;
				CLANG_WARN_EMPTY_BODY = YES;
				CLANG_WARN_ENUM_CONVERSION = YES;
				CLANG_WARN_INFINITE_RECURSION = YES;
				CLANG_WARN_INT_CONVERSION = YES;
				CLANG_WARN_NON_LITERAL_NULL_CONVERSION = YES;
				CLANG_WARN_OBJC_IMPLICIT_RETAIN_SELF = YES;
				CLANG_WARN_OBJC_LITERAL_CONVERSION = YES;
				CLANG_WARN_OBJC_ROOT_CLASS = YES_ERROR;
				CLANG_WARN_QUOTED_INCLUDE_IN_FRAMEWORK_HEADER = YES;
				CLANG_WARN_RANGE_LOOP_ANALYSIS = YES;
				CLANG_WARN_STRICT_PROTOTYPES = YES;
				CLANG_WARN_SUSPICIOUS_MOVE = YES;
				CLANG_WARN_UNGUARDED_AVAILABILITY = YES_AGGRESSIVE;
				CLANG_WARN_UNREACHABLE_CODE = YES;
				CLANG_WARN__DUPLICATE_METHOD_MATCH = YES;
				COPY_PHASE_STRIP = NO;
				DEBUG_INFORMATION_FORMAT = dwarf;
				ENABLE_STRICT_OBJC_MSGSEND = YES;
				ENABLE_TESTABILITY = YES;
				GCC_C_LANGUAGE_STANDARD = gnu11;
				GCC_DYNAMIC_NO_PIC = NO;
				GCC_NO_COMMON_BLOCKS = YES;
				GCC_OPTIMIZATION_LEVEL = 0;
				GCC_PREPROCESSOR_DEFINITIONS = (
					"DEBUG=1",
					"$(inherited)",
				);
				GCC_WARN_64_TO_32_BIT_CONVERSION = YES;
				GCC_WARN_ABOUT_RETURN_TYPE = YES_ERROR;
				GCC_WARN_UNDECLARED_SELECTOR = YES;
				GCC_WARN_UNINITIALIZED_AUTOS = YES_AGGRESSIVE;
				GCC_WARN_UNUSED_FUNCTION = YES;
				GCC_WARN_UNUSED_VARIABLE = YES;
				IPHONEOS_DEPLOYMENT_TARGET = 15.5;
				MTL_ENABLE_DEBUG_INFO = INCLUDE_SOURCE;
				MTL_FAST_MATH = YES;
				ONLY_ACTIVE_ARCH = YES;
				SDKROOT = iphoneos;
				SWIFT_ACTIVE_COMPILATION_CONDITIONS = DEBUG;
				SWIFT_OPTIMIZATION_LEVEL = "-Onone";
			};
			name = Debug;
		};
		6D06F844288E9FEC00C98B3B /* Release */ = {
			isa = XCBuildConfiguration;
			buildSettings = {
				ALWAYS_SEARCH_USER_PATHS = NO;
				CLANG_ANALYZER_NONNULL = YES;
				CLANG_ANALYZER_NUMBER_OBJECT_CONVERSION = YES_AGGRESSIVE;
				CLANG_CXX_LANGUAGE_STANDARD = "gnu++17";
				CLANG_ENABLE_MODULES = YES;
				CLANG_ENABLE_OBJC_ARC = YES;
				CLANG_ENABLE_OBJC_WEAK = YES;
				CLANG_WARN_BLOCK_CAPTURE_AUTORELEASING = YES;
				CLANG_WARN_BOOL_CONVERSION = YES;
				CLANG_WARN_COMMA = YES;
				CLANG_WARN_CONSTANT_CONVERSION = YES;
				CLANG_WARN_DEPRECATED_OBJC_IMPLEMENTATIONS = YES;
				CLANG_WARN_DIRECT_OBJC_ISA_USAGE = YES_ERROR;
				CLANG_WARN_DOCUMENTATION_COMMENTS = YES;
				CLANG_WARN_EMPTY_BODY = YES;
				CLANG_WARN_ENUM_CONVERSION = YES;
				CLANG_WARN_INFINITE_RECURSION = YES;
				CLANG_WARN_INT_CONVERSION = YES;
				CLANG_WARN_NON_LITERAL_NULL_CONVERSION = YES;
				CLANG_WARN_OBJC_IMPLICIT_RETAIN_SELF = YES;
				CLANG_WARN_OBJC_LITERAL_CONVERSION = YES;
				CLANG_WARN_OBJC_ROOT_CLASS = YES_ERROR;
				CLANG_WARN_QUOTED_INCLUDE_IN_FRAMEWORK_HEADER = YES;
				CLANG_WARN_RANGE_LOOP_ANALYSIS = YES;
				CLANG_WARN_STRICT_PROTOTYPES = YES;
				CLANG_WARN_SUSPICIOUS_MOVE = YES;
				CLANG_WARN_UNGUARDED_AVAILABILITY = YES_AGGRESSIVE;
				CLANG_WARN_UNREACHABLE_CODE = YES;
				CLANG_WARN__DUPLICATE_METHOD_MATCH = YES;
				COPY_PHASE_STRIP = NO;
				DEBUG_INFORMATION_FORMAT = "dwarf-with-dsym";
				ENABLE_NS_ASSERTIONS = NO;
				ENABLE_STRICT_OBJC_MSGSEND = YES;
				GCC_C_LANGUAGE_STANDARD = gnu11;
				GCC_NO_COMMON_BLOCKS = YES;
				GCC_WARN_64_TO_32_BIT_CONVERSION = YES;
				GCC_WARN_ABOUT_RETURN_TYPE = YES_ERROR;
				GCC_WARN_UNDECLARED_SELECTOR = YES;
				GCC_WARN_UNINITIALIZED_AUTOS = YES_AGGRESSIVE;
				GCC_WARN_UNUSED_FUNCTION = YES;
				GCC_WARN_UNUSED_VARIABLE = YES;
				IPHONEOS_DEPLOYMENT_TARGET = 15.5;
				MTL_ENABLE_DEBUG_INFO = NO;
				MTL_FAST_MATH = YES;
				SDKROOT = iphoneos;
				SWIFT_COMPILATION_MODE = wholemodule;
				SWIFT_OPTIMIZATION_LEVEL = "-O";
				VALIDATE_PRODUCT = YES;
			};
			name = Release;
		};
		6D06F846288E9FEC00C98B3B /* Debug */ = {
			isa = XCBuildConfiguration;
			buildSettings = {
				ASSETCATALOG_COMPILER_APPICON_NAME = AppIcon;
				ASSETCATALOG_COMPILER_GLOBAL_ACCENT_COLOR_NAME = AccentColor;
				CODE_SIGN_STYLE = Automatic;
				CURRENT_PROJECT_VERSION = 1;
				DEVELOPMENT_TEAM = 3A8DYVY65N;
				GENERATE_INFOPLIST_FILE = YES;
				INFOPLIST_FILE = WeatherTwo/Info.plist;
				INFOPLIST_KEY_UIApplicationSupportsIndirectInputEvents = YES;
				INFOPLIST_KEY_UILaunchStoryboardName = LaunchScreen;
				INFOPLIST_KEY_UISupportedInterfaceOrientations_iPad = "UIInterfaceOrientationPortrait UIInterfaceOrientationPortraitUpsideDown UIInterfaceOrientationLandscapeLeft UIInterfaceOrientationLandscapeRight";
				INFOPLIST_KEY_UISupportedInterfaceOrientations_iPhone = "UIInterfaceOrientationPortrait UIInterfaceOrientationLandscapeLeft UIInterfaceOrientationLandscapeRight";
				LD_RUNPATH_SEARCH_PATHS = (
					"$(inherited)",
					"@executable_path/Frameworks",
				);
				MARKETING_VERSION = 1.0;
				PRODUCT_BUNDLE_IDENTIFIER = ru.JDB.WeatherTwo;
				PRODUCT_NAME = "$(TARGET_NAME)";
				SWIFT_EMIT_LOC_STRINGS = YES;
				SWIFT_VERSION = 5.0;
				TARGETED_DEVICE_FAMILY = 1;
			};
			name = Debug;
		};
		6D06F847288E9FEC00C98B3B /* Release */ = {
			isa = XCBuildConfiguration;
			buildSettings = {
				ASSETCATALOG_COMPILER_APPICON_NAME = AppIcon;
				ASSETCATALOG_COMPILER_GLOBAL_ACCENT_COLOR_NAME = AccentColor;
				CODE_SIGN_STYLE = Automatic;
				CURRENT_PROJECT_VERSION = 1;
				DEVELOPMENT_TEAM = 3A8DYVY65N;
				GENERATE_INFOPLIST_FILE = YES;
				INFOPLIST_FILE = WeatherTwo/Info.plist;
				INFOPLIST_KEY_UIApplicationSupportsIndirectInputEvents = YES;
				INFOPLIST_KEY_UILaunchStoryboardName = LaunchScreen;
				INFOPLIST_KEY_UISupportedInterfaceOrientations_iPad = "UIInterfaceOrientationPortrait UIInterfaceOrientationPortraitUpsideDown UIInterfaceOrientationLandscapeLeft UIInterfaceOrientationLandscapeRight";
				INFOPLIST_KEY_UISupportedInterfaceOrientations_iPhone = "UIInterfaceOrientationPortrait UIInterfaceOrientationLandscapeLeft UIInterfaceOrientationLandscapeRight";
				LD_RUNPATH_SEARCH_PATHS = (
					"$(inherited)",
					"@executable_path/Frameworks",
				);
				MARKETING_VERSION = 1.0;
				PRODUCT_BUNDLE_IDENTIFIER = ru.JDB.WeatherTwo;
				PRODUCT_NAME = "$(TARGET_NAME)";
				SWIFT_EMIT_LOC_STRINGS = YES;
				SWIFT_VERSION = 5.0;
				TARGETED_DEVICE_FAMILY = 1;
			};
			name = Release;
		};
/* End XCBuildConfiguration section */

/* Begin XCConfigurationList section */
		6D06F82C288E9FEB00C98B3B /* Build configuration list for PBXProject "WeatherTwo" */ = {
			isa = XCConfigurationList;
			buildConfigurations = (
				6D06F843288E9FEC00C98B3B /* Debug */,
				6D06F844288E9FEC00C98B3B /* Release */,
			);
			defaultConfigurationIsVisible = 0;
			defaultConfigurationName = Release;
		};
		6D06F845288E9FEC00C98B3B /* Build configuration list for PBXNativeTarget "WeatherTwo" */ = {
			isa = XCConfigurationList;
			buildConfigurations = (
				6D06F846288E9FEC00C98B3B /* Debug */,
				6D06F847288E9FEC00C98B3B /* Release */,
			);
			defaultConfigurationIsVisible = 0;
			defaultConfigurationName = Release;
		};
/* End XCConfigurationList section */
	};
	rootObject = 6D06F829288E9FEB00C98B3B /* Project object */;
}
